
Microsoft Visual Studio Solution File, Format Version 12.00
# Visual Studio 15
VisualStudioVersion = 15.0.28010.2026
MinimumVisualStudioVersion = 10.0.40219.1
Project("{FAE04EC0-301F-11D3-BF4B-00C04F79EFBC}") = "Cinema_SGM.Dominio", "Cinema_SGM.Dominio\Cinema_SGM.Dominio.csproj", "{B8F672E8-AC4C-4855-9395-A982206708E3}"
EndProject
Project("{FAE04EC0-301F-11D3-BF4B-00C04F79EFBC}") = "Cinema_SGM.Xamarin.Android", "Cinema_SGM.Xamarin\Cinema_SGM.Xamarin.Android\Cinema_SGM.Xamarin.Android.csproj", "{B3AB6555-50D7-475F-B933-C43670501662}"
EndProject
Project("{FAE04EC0-301F-11D3-BF4B-00C04F79EFBC}") = "Cinema_SGM.Xamarin", "Cinema_SGM.Xamarin\Cinema_SGM.Xamarin\Cinema_SGM.Xamarin.csproj", "{12B5824B-C341-42DB-8732-A316441B0D78}"
EndProject
Global
	GlobalSection(SolutionConfigurationPlatforms) = preSolution
		Debug|Any CPU = Debug|Any CPU
		Release|Any CPU = Release|Any CPU
	EndGlobalSection
	GlobalSection(ProjectConfigurationPlatforms) = postSolution
		{B8F672E8-AC4C-4855-9395-A982206708E3}.Debug|Any CPU.ActiveCfg = Debug|Any CPU
		{B8F672E8-AC4C-4855-9395-A982206708E3}.Debug|Any CPU.Build.0 = Debug|Any CPU
		{B8F672E8-AC4C-4855-9395-A982206708E3}.Release|Any CPU.ActiveCfg = Release|Any CPU
		{B8F672E8-AC4C-4855-9395-A982206708E3}.Release|Any CPU.Build.0 = Release|Any CPU
		{B3AB6555-50D7-475F-B933-C43670501662}.Debug|Any CPU.ActiveCfg = Debug|Any CPU
		{B3AB6555-50D7-475F-B933-C43670501662}.Debug|Any CPU.Build.0 = Debug|Any CPU
		{B3AB6555-50D7-475F-B933-C43670501662}.Debug|Any CPU.Deploy.0 = Debug|Any CPU
		{B3AB6555-50D7-475F-B933-C43670501662}.Release|Any CPU.ActiveCfg = Release|Any CPU
		{B3AB6555-50D7-475F-B933-C43670501662}.Release|Any CPU.Build.0 = Release|Any CPU
		{B3AB6555-50D7-475F-B933-C43670501662}.Release|Any CPU.Deploy.0 = Release|Any CPU
		{12B5824B-C341-42DB-8732-A316441B0D78}.Debug|Any CPU.ActiveCfg = Debug|Any CPU
		{12B5824B-C341-42DB-8732-A316441B0D78}.Debug|Any CPU.Build.0 = Debug|Any CPU
		{12B5824B-C341-42DB-8732-A316441B0D78}.Release|Any CPU.ActiveCfg = Release|Any CPU
		{12B5824B-C341-42DB-8732-A316441B0D78}.Release|Any CPU.Build.0 = Release|Any CPU
	EndGlobalSection
	GlobalSection(SolutionProperties) = preSolution
		HideSolutionNode = FALSE
	EndGlobalSection
	GlobalSection(ExtensibilityGlobals) = postSolution
		SolutionGuid = {DFB0CBEB-5EC5-4CFF-9603-AE1886354B47}
	EndGlobalSection
EndGlobal
